
Microsoft Visual Studio Solution File, Format Version 12.00
# Visual Studio 15
VisualStudioVersion = 15.0.27703.2047
MinimumVisualStudioVersion = 10.0.40219.1
Project("{FAE04EC0-301F-11D3-BF4B-00C04F79EFBC}") = "SignalRPushNotification.Client.Web", "SignalRPushNotification.Client.Web\SignalRPushNotification.Client.Web.csproj", "{9712BC80-EAAC-4F44-BB45-87ECA74D6732}"
EndProject
Project("{FAE04EC0-301F-11D3-BF4B-00C04F79EFBC}") = "SignalRPushNotification.Server", "SignalRPushNotification.Server\SignalRPushNotification.Server.csproj", "{7A3E3392-3895-47B0-9106-B053C2B54685}"
EndProject
Global
	GlobalSection(SolutionConfigurationPlatforms) = preSolution
		Debug|Any CPU = Debug|Any CPU
		Release|Any CPU = Release|Any CPU
	EndGlobalSection
	GlobalSection(ProjectConfigurationPlatforms) = postSolution
		{9712BC80-EAAC-4F44-BB45-87ECA74D6732}.Debug|Any CPU.ActiveCfg = Debug|Any CPU
		{9712BC80-EAAC-4F44-BB45-87ECA74D6732}.Debug|Any CPU.Build.0 = Debug|Any CPU
		{9712BC80-EAAC-4F44-BB45-87ECA74D6732}.Release|Any CPU.ActiveCfg = Release|Any CPU
		{9712BC80-EAAC-4F44-BB45-87ECA74D6732}.Release|Any CPU.Build.0 = Release|Any CPU
		{7A3E3392-3895-47B0-9106-B053C2B54685}.Debug|Any CPU.ActiveCfg = Debug|Any CPU
		{7A3E3392-3895-47B0-9106-B053C2B54685}.Debug|Any CPU.Build.0 = Debug|Any CPU
		{7A3E3392-3895-47B0-9106-B053C2B54685}.Release|Any CPU.ActiveCfg = Release|Any CPU
		{7A3E3392-3895-47B0-9106-B053C2B54685}.Release|Any CPU.Build.0 = Release|Any CPU
	EndGlobalSection
	GlobalSection(SolutionProperties) = preSolution
		HideSolutionNode = FALSE
	EndGlobalSection
	GlobalSection(ExtensibilityGlobals) = postSolution
		SolutionGuid = {096667A0-E94C-4202-B140-A5DC1592EABA}
	EndGlobalSection
EndGlobal
